
Microsoft Visual Studio Solution File, Format Version 12.00
# Visual Studio 15
VisualStudioVersion = 15.0.28307.645
MinimumVisualStudioVersion = 10.0.40219.1
Project("{9A19103F-16F7-4668-BE54-9A1E7A4F7556}") = "WebApplication", "WebApplication\WebApplication.csproj", "{E730768C-4FE3-40B8-BD1D-9B3030B9853C}"
EndProject
Project("{FAE04EC0-301F-11D3-BF4B-00C04F79EFBC}") = "Model", "Model\Model.csproj", "{C5D721D2-6FE0-4C98-973B-5FEA261A6EE1}"
EndProject
Project("{FAE04EC0-301F-11D3-BF4B-00C04F79EFBC}") = "DAL", "DAL\DAL.csproj", "{7E0E8DA3-F267-4174-9CCB-08C97EF9FDC9}"
EndProject
Project("{FAE04EC0-301F-11D3-BF4B-00C04F79EFBC}") = "BLL", "BLL\BLL.csproj", "{840D33BF-FF88-4519-9A99-54B05761BC40}"
EndProject
Global
	GlobalSection(SolutionConfigurationPlatforms) = preSolution
		Debug|Any CPU = Debug|Any CPU
		Release|Any CPU = Release|Any CPU
	EndGlobalSection
	GlobalSection(ProjectConfigurationPlatforms) = postSolution
		{E730768C-4FE3-40B8-BD1D-9B3030B9853C}.Debug|Any CPU.ActiveCfg = Debug|Any CPU
		{E730768C-4FE3-40B8-BD1D-9B3030B9853C}.Debug|Any CPU.Build.0 = Debug|Any CPU
		{E730768C-4FE3-40B8-BD1D-9B3030B9853C}.Release|Any CPU.ActiveCfg = Release|Any CPU
		{E730768C-4FE3-40B8-BD1D-9B3030B9853C}.Release|Any CPU.Build.0 = Release|Any CPU
		{C5D721D2-6FE0-4C98-973B-5FEA261A6EE1}.Debug|Any CPU.ActiveCfg = Debug|Any CPU
		{C5D721D2-6FE0-4C98-973B-5FEA261A6EE1}.Debug|Any CPU.Build.0 = Debug|Any CPU
		{C5D721D2-6FE0-4C98-973B-5FEA261A6EE1}.Release|Any CPU.ActiveCfg = Release|Any CPU
		{C5D721D2-6FE0-4C98-973B-5FEA261A6EE1}.Release|Any CPU.Build.0 = Release|Any CPU
		{7E0E8DA3-F267-4174-9CCB-08C97EF9FDC9}.Debug|Any CPU.ActiveCfg = Debug|Any CPU
		{7E0E8DA3-F267-4174-9CCB-08C97EF9FDC9}.Debug|Any CPU.Build.0 = Debug|Any CPU
		{7E0E8DA3-F267-4174-9CCB-08C97EF9FDC9}.Release|Any CPU.ActiveCfg = Release|Any CPU
		{7E0E8DA3-F267-4174-9CCB-08C97EF9FDC9}.Release|Any CPU.Build.0 = Release|Any CPU
		{840D33BF-FF88-4519-9A99-54B05761BC40}.Debug|Any CPU.ActiveCfg = Debug|Any CPU
		{840D33BF-FF88-4519-9A99-54B05761BC40}.Debug|Any CPU.Build.0 = Debug|Any CPU
		{840D33BF-FF88-4519-9A99-54B05761BC40}.Release|Any CPU.ActiveCfg = Release|Any CPU
		{840D33BF-FF88-4519-9A99-54B05761BC40}.Release|Any CPU.Build.0 = Release|Any CPU
	EndGlobalSection
	GlobalSection(SolutionProperties) = preSolution
		HideSolutionNode = FALSE
	EndGlobalSection
	GlobalSection(ExtensibilityGlobals) = postSolution
		SolutionGuid = {26C9C54C-B6BF-4C4C-8741-82E2F253BC7E}
	EndGlobalSection
EndGlobal
